// !$*UTF8*$!
{
	archiveVersion = 1;
	classes = {
	};
	objectVersion = 50;
	objects = {

/* Begin PBXBuildFile section */
		2851316F25B46C5100BB74BD /* SecViewController.swift in Sources */ = {isa = PBXBuildFile; fileRef = 2851316E25B46C5100BB74BD /* SecViewController.swift */; };
		2851318025B4A8BC00BB74BD /* ThirdViewController.swift in Sources */ = {isa = PBXBuildFile; fileRef = 2851317F25B4A8BC00BB74BD /* ThirdViewController.swift */; };
		2851318425B4B9DE00BB74BD /* Assets.xcassets in Resources */ = {isa = PBXBuildFile; fileRef = 2851318325B4B9DD00BB74BD /* Assets.xcassets */; };
		2851318725B4BEF200BB74BD /* ForthViewController.swift in Sources */ = {isa = PBXBuildFile; fileRef = 2851318625B4BEF200BB74BD /* ForthViewController.swift */; };
		2877313F25B3D4E700F7F876 /* AppDelegate.swift in Sources */ = {isa = PBXBuildFile; fileRef = 2877313E25B3D4E700F7F876 /* AppDelegate.swift */; };
		2877314125B3D4E700F7F876 /* SceneDelegate.swift in Sources */ = {isa = PBXBuildFile; fileRef = 2877314025B3D4E700F7F876 /* SceneDelegate.swift */; };
		2877314325B3D4E700F7F876 /* ViewController.swift in Sources */ = {isa = PBXBuildFile; fileRef = 2877314225B3D4E700F7F876 /* ViewController.swift */; };
		2877314625B3D4E700F7F876 /* Main.storyboard in Resources */ = {isa = PBXBuildFile; fileRef = 2877314425B3D4E700F7F876 /* Main.storyboard */; };
		2877314B25B3D4E700F7F876 /* LaunchScreen.storyboard in Resources */ = {isa = PBXBuildFile; fileRef = 2877314925B3D4E700F7F876 /* LaunchScreen.storyboard */; };
/* End PBXBuildFile section */

/* Begin PBXFileReference section */
		2851316E25B46C5100BB74BD /* SecViewController.swift */ = {isa = PBXFileReference; lastKnownFileType = sourcecode.swift; path = SecViewController.swift; sourceTree = "<group>"; };
		2851317F25B4A8BC00BB74BD /* ThirdViewController.swift */ = {isa = PBXFileReference; lastKnownFileType = sourcecode.swift; path = ThirdViewController.swift; sourceTree = "<group>"; };
		2851318325B4B9DD00BB74BD /* Assets.xcassets */ = {isa = PBXFileReference; lastKnownFileType = folder.assetcatalog; path = Assets.xcassets; sourceTree = "<group>"; };
		2851318625B4BEF200BB74BD /* ForthViewController.swift */ = {isa = PBXFileReference; lastKnownFileType = sourcecode.swift; path = ForthViewController.swift; sourceTree = "<group>"; };
		2877313B25B3D4E700F7F876 /* DesenrolaApp.app */ = {isa = PBXFileReference; explicitFileType = wrapper.application; includeInIndex = 0; path = DesenrolaApp.app; sourceTree = BUILT_PRODUCTS_DIR; };
		2877313E25B3D4E700F7F876 /* AppDelegate.swift */ = {isa = PBXFileReference; lastKnownFileType = sourcecode.swift; path = AppDelegate.swift; sourceTree = "<group>"; };
		2877314025B3D4E700F7F876 /* SceneDelegate.swift */ = {isa = PBXFileReference; lastKnownFileType = sourcecode.swift; path = SceneDelegate.swift; sourceTree = "<group>"; };
		2877314225B3D4E700F7F876 /* ViewController.swift */ = {isa = PBXFileReference; lastKnownFileType = sourcecode.swift; path = ViewController.swift; sourceTree = "<group>"; };
		2877314525B3D4E700F7F876 /* Base */ = {isa = PBXFileReference; lastKnownFileType = file.storyboard; name = Base; path = Base.lproj/Main.storyboard; sourceTree = "<group>"; };
		2877314A25B3D4E700F7F876 /* Base */ = {isa = PBXFileReference; lastKnownFileType = file.storyboard; name = Base; path = Base.lproj/LaunchScreen.storyboard; sourceTree = "<group>"; };
		2877314C25B3D4E700F7F876 /* Info.plist */ = {isa = PBXFileReference; lastKnownFileType = text.plist.xml; path = Info.plist; sourceTree = "<group>"; };
/* End PBXFileReference section */

/* Begin PBXFrameworksBuildPhase section */
		2877313825B3D4E700F7F876 /* Frameworks */ = {
			isa = PBXFrameworksBuildPhase;
			buildActionMask = 2147483647;
			files = (
			);
			runOnlyForDeploymentPostprocessing = 0;
		};
/* End PBXFrameworksBuildPhase section */

/* Begin PBXGroup section */
		2877313225B3D4E700F7F876 = {
			isa = PBXGroup;
			children = (
				2877313D25B3D4E700F7F876 /* DesenrolaApp */,
				2877313C25B3D4E700F7F876 /* Products */,
			);
			sourceTree = "<group>";
		};
		2877313C25B3D4E700F7F876 /* Products */ = {
			isa = PBXGroup;
			children = (
				2877313B25B3D4E700F7F876 /* DesenrolaApp.app */,
			);
			name = Products;
			sourceTree = "<group>";
		};
		2877313D25B3D4E700F7F876 /* DesenrolaApp */ = {
			isa = PBXGroup;
			children = (
				2877313E25B3D4E700F7F876 /* AppDelegate.swift */,
				2877314025B3D4E700F7F876 /* SceneDelegate.swift */,
				2877314225B3D4E700F7F876 /* ViewController.swift */,
				2877314425B3D4E700F7F876 /* Main.storyboard */,
				2877314925B3D4E700F7F876 /* LaunchScreen.storyboard */,
				2877314C25B3D4E700F7F876 /* Info.plist */,
				2851316E25B46C5100BB74BD /* SecViewController.swift */,
				2851318325B4B9DD00BB74BD /* Assets.xcassets */,
				2851317F25B4A8BC00BB74BD /* ThirdViewController.swift */,
				2851318625B4BEF200BB74BD /* ForthViewController.swift */,
			);
			path = DesenrolaApp;
			sourceTree = "<group>";
		};
/* End PBXGroup section */

/* Begin PBXNativeTarget section */
		2877313A25B3D4E700F7F876 /* DesenrolaApp */ = {
			isa = PBXNativeTarget;
			buildConfigurationList = 2877314F25B3D4E700F7F876 /* Build configuration list for PBXNativeTarget "DesenrolaApp" */;
			buildPhases = (
				2877313725B3D4E700F7F876 /* Sources */,
				2877313825B3D4E700F7F876 /* Frameworks */,
				2877313925B3D4E700F7F876 /* Resources */,
			);
			buildRules = (
			);
			dependencies = (
			);
			name = DesenrolaApp;
			productName = DesenrolaApp;
			productReference = 2877313B25B3D4E700F7F876 /* DesenrolaApp.app */;
			productType = "com.apple.product-type.application";
		};
/* End PBXNativeTarget section */

/* Begin PBXProject section */
		2877313325B3D4E700F7F876 /* Project object */ = {
			isa = PBXProject;
			attributes = {
				LastSwiftUpdateCheck = 1230;
				LastUpgradeCheck = 1230;
				TargetAttributes = {
					2877313A25B3D4E700F7F876 = {
						CreatedOnToolsVersion = 12.3;
					};
				};
			};
			buildConfigurationList = 2877313625B3D4E700F7F876 /* Build configuration list for PBXProject "DesenrolaApp" */;
			compatibilityVersion = "Xcode 9.3";
			developmentRegion = en;
			hasScannedForEncodings = 0;
			knownRegions = (
				en,
				Base,
			);
			mainGroup = 2877313225B3D4E700F7F876;
			productRefGroup = 2877313C25B3D4E700F7F876 /* Products */;
			projectDirPath = "";
			projectRoot = "";
			targets = (
				2877313A25B3D4E700F7F876 /* DesenrolaApp */,
			);
		};
/* End PBXProject section */

/* Begin PBXResourcesBuildPhase section */
		2877313925B3D4E700F7F876 /* Resources */ = {
			isa = PBXResourcesBuildPhase;
			buildActionMask = 2147483647;
			files = (
				2877314B25B3D4E700F7F876 /* LaunchScreen.storyboard in Resources */,
				2851318425B4B9DE00BB74BD /* Assets.xcassets in Resources */,
				2877314625B3D4E700F7F876 /* Main.storyboard in Resources */,
			);
			runOnlyForDeploymentPostprocessing = 0;
		};
/* End PBXResourcesBuildPhase section */

/* Begin PBXSourcesBuildPhase section */
		2877313725B3D4E700F7F876 /* Sources */ = {
			isa = PBXSourcesBuildPhase;
			buildActionMask = 2147483647;
			files = (
				2851318725B4BEF200BB74BD /* ForthViewController.swift in Sources */,
				2851316F25B46C5100BB74BD /* SecViewController.swift in Sources */,
				2877314325B3D4E700F7F876 /* ViewController.swift in Sources */,
				2851318025B4A8BC00BB74BD /* ThirdViewController.swift in Sources */,
				2877313F25B3D4E700F7F876 /* AppDelegate.swift in Sources */,
				2877314125B3D4E700F7F876 /* SceneDelegate.swift in Sources */,
			);
			runOnlyForDeploymentPostprocessing = 0;
		};
/* End PBXSourcesBuildPhase section */

/* Begin PBXVariantGroup section */
		2877314425B3D4E700F7F876 /* Main.storyboard */ = {
			isa = PBXVariantGroup;
			children = (
				2877314525B3D4E700F7F876 /* Base */,
			);
			name = Main.storyboard;
			sourceTree = "<group>";
		};
		2877314925B3D4E700F7F876 /* LaunchScreen.storyboard */ = {
			isa = PBXVariantGroup;
			children = (
				2877314A25B3D4E700F7F876 /* Base */,
			);
			name = LaunchScreen.storyboard;
			sourceTree = "<group>";
		};
/* End PBXVariantGroup section */

/* Begin XCBuildConfiguration section */
		2877314D25B3D4E700F7F876 /* Debug */ = {
			isa = XCBuildConfiguration;
			buildSettings = {
				ALWAYS_SEARCH_USER_PATHS = NO;
				CLANG_ANALYZER_NONNULL = YES;
				CLANG_ANALYZER_NUMBER_OBJECT_CONVERSION = YES_AGGRESSIVE;
				CLANG_CXX_LANGUAGE_STANDARD = "gnu++14";
				CLANG_CXX_LIBRARY = "libc++";
				CLANG_ENABLE_MODULES = YES;
				CLANG_ENABLE_OBJC_ARC = YES;
				CLANG_ENABLE_OBJC_WEAK = YES;
				CLANG_WARN_BLOCK_CAPTURE_AUTORELEASING = YES;
				CLANG_WARN_BOOL_CONVERSION = YES;
				CLANG_WARN_COMMA = YES;
				CLANG_WARN_CONSTANT_CONVERSION = YES;
				CLANG_WARN_DEPRECATED_OBJC_IMPLEMENTATIONS = YES;
				CLANG_WARN_DIRECT_OBJC_ISA_USAGE = YES_ERROR;
				CLANG_WARN_DOCUMENTATION_COMMENTS = YES;
				CLANG_WARN_EMPTY_BODY = YES;
				CLANG_WARN_ENUM_CONVERSION = YES;
				CLANG_WARN_INFINITE_RECURSION = YES;
				CLANG_WARN_INT_CONVERSION = YES;
				CLANG_WARN_NON_LITERAL_NULL_CONVERSION = YES;
				CLANG_WARN_OBJC_IMPLICIT_RETAIN_SELF = YES;
				CLANG_WARN_OBJC_LITERAL_CONVERSION = YES;
				CLANG_WARN_OBJC_ROOT_CLASS = YES_ERROR;
				CLANG_WARN_QUOTED_INCLUDE_IN_FRAMEWORK_HEADER = YES;
				CLANG_WARN_RANGE_LOOP_ANALYSIS = YES;
				CLANG_WARN_STRICT_PROTOTYPES = YES;
				CLANG_WARN_SUSPICIOUS_MOVE = YES;
				CLANG_WARN_UNGUARDED_AVAILABILITY = YES_AGGRESSIVE;
				CLANG_WARN_UNREACHABLE_CODE = YES;
				CLANG_WARN__DUPLICATE_METHOD_MATCH = YES;
				COPY_PHASE_STRIP = NO;
				DEBUG_INFORMATION_FORMAT = dwarf;
				ENABLE_STRICT_OBJC_MSGSEND = YES;
				ENABLE_TESTABILITY = YES;
				GCC_C_LANGUAGE_STANDARD = gnu11;
				GCC_DYNAMIC_NO_PIC = NO;
				GCC_NO_COMMON_BLOCKS = YES;
				GCC_OPTIMIZATION_LEVEL = 0;
				GCC_PREPROCESSOR_DEFINITIONS = (
					"DEBUG=1",
					"$(inherited)",
				);
				GCC_WARN_64_TO_32_BIT_CONVERSION = YES;
				GCC_WARN_ABOUT_RETURN_TYPE = YES_ERROR;
				GCC_WARN_UNDECLARED_SELECTOR = YES;
				GCC_WARN_UNINITIALIZED_AUTOS = YES_AGGRESSIVE;
				GCC_WARN_UNUSED_FUNCTION = YES;
				GCC_WARN_UNUSED_VARIABLE = YES;
				IPHONEOS_DEPLOYMENT_TARGET = 14.3;
				MTL_ENABLE_DEBUG_INFO = INCLUDE_SOURCE;
				MTL_FAST_MATH = YES;
				ONLY_ACTIVE_ARCH = YES;
				SDKROOT = iphoneos;
				SWIFT_ACTIVE_COMPILATION_CONDITIONS = DEBUG;
				SWIFT_OPTIMIZATION_LEVEL = "-Onone";
			};
			name = Debug;
		};
		2877314E25B3D4E700F7F876 /* Release */ = {
			isa = XCBuildConfiguration;
			buildSettings = {
				ALWAYS_SEARCH_USER_PATHS = NO;
				CLANG_ANALYZER_NONNULL = YES;
				CLANG_ANALYZER_NUMBER_OBJECT_CONVERSION = YES_AGGRESSIVE;
				CLANG_CXX_LANGUAGE_STANDARD = "gnu++14";
				CLANG_CXX_LIBRARY = "libc++";
				CLANG_ENABLE_MODULES = YES;
				CLANG_ENABLE_OBJC_ARC = YES;
				CLANG_ENABLE_OBJC_WEAK = YES;
				CLANG_WARN_BLOCK_CAPTURE_AUTORELEASING = YES;
				CLANG_WARN_BOOL_CONVERSION = YES;
				CLANG_WARN_COMMA = YES;
				CLANG_WARN_CONSTANT_CONVERSION = YES;
				CLANG_WARN_DEPRECATED_OBJC_IMPLEMENTATIONS = YES;
				CLANG_WARN_DIRECT_OBJC_ISA_USAGE = YES_ERROR;
				CLANG_WARN_DOCUMENTATION_COMMENTS = YES;
				CLANG_WARN_EMPTY_BODY = YES;
				CLANG_WARN_ENUM_CONVERSION = YES;
				CLANG_WARN_INFINITE_RECURSION = YES;
				CLANG_WARN_INT_CONVERSION = YES;
				CLANG_WARN_NON_LITERAL_NULL_CONVERSION = YES;
				CLANG_WARN_OBJC_IMPLICIT_RETAIN_SELF = YES;
				CLANG_WARN_OBJC_LITERAL_CONVERSION = YES;
				CLANG_WARN_OBJC_ROOT_CLASS = YES_ERROR;
				CLANG_WARN_QUOTED_INCLUDE_IN_FRAMEWORK_HEADER = YES;
				CLANG_WARN_RANGE_LOOP_ANALYSIS = YES;
				CLANG_WARN_STRICT_PROTOTYPES = YES;
				CLANG_WARN_SUSPICIOUS_MOVE = YES;
				CLANG_WARN_UNGUARDED_AVAILABILITY = YES_AGGRESSIVE;
				CLANG_WARN_UNREACHABLE_CODE = YES;
				CLANG_WARN__DUPLICATE_METHOD_MATCH = YES;
				COPY_PHASE_STRIP = NO;
				DEBUG_INFORMATION_FORMAT = "dwarf-with-dsym";
				ENABLE_NS_ASSERTIONS = NO;
				ENABLE_STRICT_OBJC_MSGSEND = YES;
				GCC_C_LANGUAGE_STANDARD = gnu11;
				GCC_NO_COMMON_BLOCKS = YES;
				GCC_WARN_64_TO_32_BIT_CONVERSION = YES;
				GCC_WARN_ABOUT_RETURN_TYPE = YES_ERROR;
				GCC_WARN_UNDECLARED_SELECTOR = YES;
				GCC_WARN_UNINITIALIZED_AUTOS = YES_AGGRESSIVE;
				GCC_WARN_UNUSED_FUNCTION = YES;
				GCC_WARN_UNUSED_VARIABLE = YES;
				IPHONEOS_DEPLOYMENT_TARGET = 14.3;
				MTL_ENABLE_DEBUG_INFO = NO;
				MTL_FAST_MATH = YES;
				SDKROOT = iphoneos;
				SWIFT_COMPILATION_MODE = wholemodule;
				SWIFT_OPTIMIZATION_LEVEL = "-O";
				VALIDATE_PRODUCT = YES;
			};
			name = Release;
		};
		2877315025B3D4E700F7F876 /* Debug */ = {
			isa = XCBuildConfiguration;
			buildSettings = {
				ASSETCATALOG_COMPILER_APPICON_NAME = AppIcon;
				ASSETCATALOG_COMPILER_GLOBAL_ACCENT_COLOR_NAME = AccentColor;
				CODE_SIGN_STYLE = Automatic;
				DEVELOPMENT_TEAM = UM7BRLPWKH;
				INFOPLIST_FILE = DesenrolaApp/Info.plist;
				LD_RUNPATH_SEARCH_PATHS = (
					"$(inherited)",
					"@executable_path/Frameworks",
				);
				PRODUCT_BUNDLE_IDENTIFIER = Academy.DesenrolaApp;
				PRODUCT_NAME = "$(TARGET_NAME)";
				SWIFT_VERSION = 5.0;
				TARGETED_DEVICE_FAMILY = "1,2";
			};
			name = Debug;
		};
		2877315125B3D4E700F7F876 /* Release */ = {
			isa = XCBuildConfiguration;
			buildSettings = {
				ASSETCATALOG_COMPILER_APPICON_NAME = AppIcon;
				ASSETCATALOG_COMPILER_GLOBAL_ACCENT_COLOR_NAME = AccentColor;
				CODE_SIGN_STYLE = Automatic;
				DEVELOPMENT_TEAM = UM7BRLPWKH;
				INFOPLIST_FILE = DesenrolaApp/Info.plist;
				LD_RUNPATH_SEARCH_PATHS = (
					"$(inherited)",
					"@executable_path/Frameworks",
				);
				PRODUCT_BUNDLE_IDENTIFIER = Academy.DesenrolaApp;
				PRODUCT_NAME = "$(TARGET_NAME)";
				SWIFT_VERSION = 5.0;
				TARGETED_DEVICE_FAMILY = "1,2";
			};
			name = Release;
		};
/* End XCBuildConfiguration section */

/* Begin XCConfigurationList section */
		2877313625B3D4E700F7F876 /* Build configuration list for PBXProject "DesenrolaApp" */ = {
			isa = XCConfigurationList;
			buildConfigurations = (
				2877314D25B3D4E700F7F876 /* Debug */,
				2877314E25B3D4E700F7F876 /* Release */,
			);
			defaultConfigurationIsVisible = 0;
			defaultConfigurationName = Release;
		};
		2877314F25B3D4E700F7F876 /* Build configuration list for PBXNativeTarget "DesenrolaApp" */ = {
			isa = XCConfigurationList;
			buildConfigurations = (
				2877315025B3D4E700F7F876 /* Debug */,
				2877315125B3D4E700F7F876 /* Release */,
			);
			defaultConfigurationIsVisible = 0;
			defaultConfigurationName = Release;
		};
/* End XCConfigurationList section */
	};
	rootObject = 2877313325B3D4E700F7F876 /* Project object */;
}
